Microsoft Visual Studio Solution File, Format Version 12.00
# Visual Studio Version 17
VisualStudioVersion = 17.5.2.0
MinimumVisualStudioVersion = 10.0.40219.1
Project("{FAE04EC0-301F-11D3-BF4B-00C04F79EFBC}") = "Console.ServiceBusSender.Demo", "Console.ServiceBusSender.Demo\Console.ServiceBusSender.Demo.csproj", "{B5827D47-4FE1-00EA-32FA-C5DFBEB5AD0E}"
EndProject
Global
	GlobalSection(SolutionConfigurationPlatforms) = preSolution
		Debug|Any CPU = Debug|Any CPU
		Release|Any CPU = Release|Any CPU
	EndGlobalSection
	GlobalSection(ProjectConfigurationPlatforms) = postSolution
		{B5827D47-4FE1-00EA-32FA-C5DFBEB5AD0E}.Debug|Any CPU.ActiveCfg = Debug|Any CPU
		{B5827D47-4FE1-00EA-32FA-C5DFBEB5AD0E}.Debug|Any CPU.Build.0 = Debug|Any CPU
		{B5827D47-4FE1-00EA-32FA-C5DFBEB5AD0E}.Release|Any CPU.ActiveCfg = Release|Any CPU
		{B5827D47-4FE1-00EA-32FA-C5DFBEB5AD0E}.Release|Any CPU.Build.0 = Release|Any CPU
	EndGlobalSection
	GlobalSection(SolutionProperties) = preSolution
		HideSolutionNode = FALSE
	EndGlobalSection
	GlobalSection(ExtensibilityGlobals) = postSolution
		SolutionGuid = {AA242AFB-1D02-40AA-AC4F-43561D934FE9}
	EndGlobalSection
EndGlobal
